{
  "nodes": {
    "flake-utils": {
      "locked": {
        "lastModified": 1631561581,
        "narHash": "sha256-3VQMV5zvxaVLvqqUrNz3iJelLw30mIVSfZmAaauM3dA=",
        "owner": "numtide",
        "repo": "flake-utils",
        "rev": "7e5bf3925f6fbdfaf50a2a7ca0be2879c4261d19",
        "type": "github"
      },
      "original": {
        "owner": "numtide",
        "repo": "flake-utils",
        "type": "github"
      }
    },
    "flake-utils_2": {
      "locked": {
        "lastModified": 1631561581,
        "narHash": "sha256-3VQMV5zvxaVLvqqUrNz3iJelLw30mIVSfZmAaauM3dA=",
        "owner": "numtide",
        "repo": "flake-utils",
        "rev": "7e5bf3925f6fbdfaf50a2a7ca0be2879c4261d19",
        "type": "github"
      },
      "original": {
        "owner": "numtide",
        "repo": "flake-utils",
        "type": "github"
      }
    },
    "nixpkgs": {
      "locked": {
        "lastModified": 1633074215,
        "narHash": "sha256-epmR1H1amgFWuU7xW9OXGjsAqltMqCSqkv1U2+9rOlM=",
        "owner": "nixos",
        "repo": "nixpkgs",
        "rev": "378d2c5dcec7fef958cca3760448c09a9be2b7a3",
        "type": "github"
      },
      "original": {
        "owner": "nixos",
        "repo": "nixpkgs",
        "type": "github"
      }
    },
    "root": {
      "inputs": {
        "flake-utils": "flake-utils",
        "nixpkgs": "nixpkgs",
        "terranix": "terranix"
      }
    },
    "terranix": {
      "inputs": {
        "flake-utils": "flake-utils_2",
        "nixpkgs": [
          "nixpkgs"
        ],
        "terranix-examples": "terranix-examples"
      },
      "locked": {
        "narHash": "sha256-zFfDYWqRUpJEvKK7uuVhMupKU1KSg/i3+j+/1JeDUVw=",
        "path": "/home/palo/dev/terranix/terranix",
        "type": "path"
      },
      "original": {
        "path": "/home/palo/dev/terranix/terranix",
        "type": "path"
      }
    },
    "terranix-examples": {
      "locked": {
        "lastModified": 1633460746,
        "narHash": "sha256-4xvhK7DzFX2BA6aafcOsWZmuhzQYRtHcLqel1VEXv6s=",
        "owner": "terranix",
        "repo": "terranix-examples",
        "rev": "c6f88d372750c28ff0bf49e1360efda904d12da0",
        "type": "github"
      },
      "original": {
        "owner": "terranix",
        "repo": "terranix-examples",
        "type": "github"
      }
    }
  },
  "root": "root",
  "version": 7
}
